
Microsoft Visual Studio Solution File, Format Version 12.00
# Visual Studio 15
VisualStudioVersion = 15.0.27703.2042
MinimumVisualStudioVersion = 10.0.40219.1
Project("{FAE04EC0-301F-11D3-BF4B-00C04F79EFBC}") = "SportsStore.UnitTests", "SportsStore.UnitTests\SportsStore.UnitTests.csproj", "{FCC17AC6-6641-4129-9F0B-B30692B0B6AF}"
EndProject
Project("{FAE04EC0-301F-11D3-BF4B-00C04F79EFBC}") = "SportsStore.WebUI", "SportsStore.WebUI\SportsStore.WebUI.csproj", "{381E6F85-A2EA-4824-875E-238BACC1676D}"
EndProject
Project("{FAE04EC0-301F-11D3-BF4B-00C04F79EFBC}") = "SportsStore.Domain", "SportsStore.Domain\SportsStore.Domain.csproj", "{07BA696B-A467-4085-B98D-A88A0E09283A}"
EndProject
Global
	GlobalSection(SolutionConfigurationPlatforms) = preSolution
		Debug|Any CPU = Debug|Any CPU
		Release|Any CPU = Release|Any CPU
	EndGlobalSection
	GlobalSection(ProjectConfigurationPlatforms) = postSolution
		{FCC17AC6-6641-4129-9F0B-B30692B0B6AF}.Debug|Any CPU.ActiveCfg = Debug|Any CPU
		{FCC17AC6-6641-4129-9F0B-B30692B0B6AF}.Debug|Any CPU.Build.0 = Debug|Any CPU
		{FCC17AC6-6641-4129-9F0B-B30692B0B6AF}.Release|Any CPU.ActiveCfg = Release|Any CPU
		{FCC17AC6-6641-4129-9F0B-B30692B0B6AF}.Release|Any CPU.Build.0 = Release|Any CPU
		{381E6F85-A2EA-4824-875E-238BACC1676D}.Debug|Any CPU.ActiveCfg = Debug|Any CPU
		{381E6F85-A2EA-4824-875E-238BACC1676D}.Debug|Any CPU.Build.0 = Debug|Any CPU
		{381E6F85-A2EA-4824-875E-238BACC1676D}.Release|Any CPU.ActiveCfg = Release|Any CPU
		{381E6F85-A2EA-4824-875E-238BACC1676D}.Release|Any CPU.Build.0 = Release|Any CPU
		{07BA696B-A467-4085-B98D-A88A0E09283A}.Debug|Any CPU.ActiveCfg = Debug|Any CPU
		{07BA696B-A467-4085-B98D-A88A0E09283A}.Debug|Any CPU.Build.0 = Debug|Any CPU
		{07BA696B-A467-4085-B98D-A88A0E09283A}.Release|Any CPU.ActiveCfg = Release|Any CPU
		{07BA696B-A467-4085-B98D-A88A0E09283A}.Release|Any CPU.Build.0 = Release|Any CPU
	EndGlobalSection
	GlobalSection(SolutionProperties) = preSolution
		HideSolutionNode = FALSE
	EndGlobalSection
	GlobalSection(ExtensibilityGlobals) = postSolution
		SolutionGuid = {0DEB8620-5EDF-49F4-BB10-D93FADDC912F}
	EndGlobalSection
EndGlobal
